
Microsoft Visual Studio Solution File, Format Version 12.00
# Visual Studio Version 17
VisualStudioVersion = 17.2.32630.192
MinimumVisualStudioVersion = 10.0.40219.1
Project("{9A19103F-16F7-4668-BE54-9A1E7A4F7556}") = "Report Generator", "Nash Report Generator\Report Generator.csproj", "{DB9963FB-35B6-452F-AD20-EAAC6769D85C}"
EndProject
Project("{9A19103F-16F7-4668-BE54-9A1E7A4F7556}") = "ReportGeneratorTests", "ReportGeneratorTests\ReportGeneratorTests.csproj", "{DCF4F1E2-A618-46FF-88AA-4A2DCA189959}"
EndProject
Global
	GlobalSection(SolutionConfigurationPlatforms) = preSolution
		Debug|Any CPU = Debug|Any CPU
		Debug|x64 = Debug|x64
		Release|Any CPU = Release|Any CPU
		Release|x64 = Release|x64
	EndGlobalSection
	GlobalSection(ProjectConfigurationPlatforms) = postSolution
		{DB9963FB-35B6-452F-AD20-EAAC6769D85C}.Debug|Any CPU.ActiveCfg = Debug|Any CPU
		{DB9963FB-35B6-452F-AD20-EAAC6769D85C}.Debug|Any CPU.Build.0 = Debug|Any CPU
		{DB9963FB-35B6-452F-AD20-EAAC6769D85C}.Debug|x64.ActiveCfg = Debug|x64
		{DB9963FB-35B6-452F-AD20-EAAC6769D85C}.Debug|x64.Build.0 = Debug|x64
		{DB9963FB-35B6-452F-AD20-EAAC6769D85C}.Release|Any CPU.ActiveCfg = Release|Any CPU
		{DB9963FB-35B6-452F-AD20-EAAC6769D85C}.Release|Any CPU.Build.0 = Release|Any CPU
		{DB9963FB-35B6-452F-AD20-EAAC6769D85C}.Release|x64.ActiveCfg = Release|x64
		{DB9963FB-35B6-452F-AD20-EAAC6769D85C}.Release|x64.Build.0 = Release|x64
		{DCF4F1E2-A618-46FF-88AA-4A2DCA189959}.Debug|Any CPU.ActiveCfg = Debug|Any CPU
		{DCF4F1E2-A618-46FF-88AA-4A2DCA189959}.Debug|Any CPU.Build.0 = Debug|Any CPU
		{DCF4F1E2-A618-46FF-88AA-4A2DCA189959}.Debug|x64.ActiveCfg = Debug|Any CPU
		{DCF4F1E2-A618-46FF-88AA-4A2DCA189959}.Debug|x64.Build.0 = Debug|Any CPU
		{DCF4F1E2-A618-46FF-88AA-4A2DCA189959}.Release|Any CPU.ActiveCfg = Release|Any CPU
		{DCF4F1E2-A618-46FF-88AA-4A2DCA189959}.Release|Any CPU.Build.0 = Release|Any CPU
		{DCF4F1E2-A618-46FF-88AA-4A2DCA189959}.Release|x64.ActiveCfg = Release|Any CPU
		{DCF4F1E2-A618-46FF-88AA-4A2DCA189959}.Release|x64.Build.0 = Release|Any CPU
	EndGlobalSection
	GlobalSection(SolutionProperties) = preSolution
		HideSolutionNode = FALSE
	EndGlobalSection
	GlobalSection(ExtensibilityGlobals) = postSolution
		SolutionGuid = {2AD6795D-36F8-41AB-A01E-28A2840FDC78}
	EndGlobalSection
EndGlobal
